{
  "name": "2k_aakaash.webflow.io",
  "version": "1.0.0",
  "lockfileVersion": 3,
  "requires": true,
  "packages": {
    "": {
      "name": "2k_aakaash.webflow.io",
      "version": "1.0.0",
      "license": "ISC",
      "dependencies": {
        "@studio-freight/lenis": "^1.0.42",
        "locomotive-scroll": "^4.1.4"
      }
    },
    "node_modules/@studio-freight/lenis": {
      "version": "1.0.42",
      "resolved": "https://registry.npmjs.org/@studio-freight/lenis/-/lenis-1.0.42.tgz",
      "integrity": "sha512-HJAGf2DeM+BTvKzHv752z6Z7zy6bA643nZM7W88Ft9tnw2GsJSp6iJ+3cekjyMIWH+cloL2U9X82dKXgdU8kPg=="
    },
    "node_modules/bezier-easing": {
      "version": "2.1.0",
      "resolved": "https://registry.npmjs.org/bezier-easing/-/bezier-easing-2.1.0.tgz",
      "integrity": "sha512-gbIqZ/eslnUFC1tjEvtz0sgx+xTK20wDnYMIA27VA04R7w6xxXQPZDbibjA9DTWZRA2CXtwHykkVzlCaAJAZig=="
    },
    "node_modules/bindall-standalone": {
      "version": "1.0.5",
      "resolved": "https://registry.npmjs.org/bindall-standalone/-/bindall-standalone-1.0.5.tgz",
      "integrity": "sha512-HDI7YBWXVJk/eoGz+e4lYQQJnYp1ZHcUvAY71lVptLMhQnDm86vD73AGPw2qIlgYR3P0bjmoAcXiA8qhFejBhA=="
    },
    "node_modules/lethargy": {
      "version": "1.0.9",
      "resolved": "https://registry.npmjs.org/lethargy/-/lethargy-1.0.9.tgz",
      "integrity": "sha512-nFM8blpCF9rqIL5mRAaTGc78W8oQixVtsD86jbEPvcI13+lDUYJf3R7DZQQL7tCiBpbGpGKMX2gwJFO9hiaOkg=="
    },
    "node_modules/locomotive-scroll": {
      "version": "4.1.4",
      "resolved": "https://registry.npmjs.org/locomotive-scroll/-/locomotive-scroll-4.1.4.tgz",
      "integrity": "sha512-6i98cFF2SKg6wIPpwVPuo2FG8qL3USsdDeew78TEYZyLoqleMWNfkSDpWA6mPym4dOfTIBXc678VmGlkgx3fTA==",
      "dependencies": {
        "bezier-easing": "^2.1.0",
        "smoothscroll-polyfill": "^0.4.4",
        "virtual-scroll": "^1.5.2"
      }
    },
    "node_modules/object-assign": {
      "version": "4.1.1",
      "resolved": "https://registry.npmjs.org/object-assign/-/object-assign-4.1.1.tgz",
      "integrity": "sha512-rJgTQnkUnH1sFw8yT6VSU3zD3sWmu6sZhIseY8VX+GRu3P6F7Fu+JNDoXfklElbLJSnc3FUQHVe4cU5hj+BcUg==",
      "engines": {
        "node": ">=0.10.0"
      }
    },
    "node_modules/smoothscroll-polyfill": {
      "version": "0.4.4",
      "resolved": "https://registry.npmjs.org/smoothscroll-polyfill/-/smoothscroll-polyfill-0.4.4.tgz",
      "integrity": "sha512-TK5ZA9U5RqCwMpfoMq/l1mrH0JAR7y7KRvOBx0n2869aLxch+gT9GhN3yUfjiw+d/DiF1mKo14+hd62JyMmoBg=="
    },
    "node_modules/tiny-emitter": {
      "version": "1.2.0",
      "resolved": "https://registry.npmjs.org/tiny-emitter/-/tiny-emitter-1.2.0.tgz",
      "integrity": "sha512-rWjF00inHeWtT5UbQYAXoMI4hL6TRMqohuKCsODyPYYmfAxqfMnXLsIeNrbdPEkNxlk++rojVilTnI9IVmEBtA=="
    },
    "node_modules/virtual-scroll": {
      "version": "1.5.2",
      "resolved": "https://registry.npmjs.org/virtual-scroll/-/virtual-scroll-1.5.2.tgz",
      "integrity": "sha512-7jDHwlKbHUho7CYU/HojE/VKFH8GV9P5fVWP2HCa7dRUOpVvwl93OBOKIIcb2mKd+vqsbVR/0zl0X70+3sUZqA==",
      "dependencies": {
        "bindall-standalone": "^1.0.5",
        "lethargy": "^1.0.2",
        "object-assign": "^4.0.1",
        "tiny-emitter": "^1.0.0"
      }
    }
  }
}
